<Solution>
  <Folder Name="/samples/">
    <Project Path="samples/LogExplorer.Site17/LogExplorer.Site17.csproj" />
    <Project Path="samples/LogExplorer.Site18/LogExplorer.Site18.csproj" />
  </Folder>
  <Folder Name="/src/">
    <Project Path="src/Umbraco.Community.LogExplorer.Core/Umbraco.Community.LogExplorer.Core.csproj" />
    <Project Path="src/Umbraco.Community.LogExplorer/Umbraco.Community.LogExplorer.csproj" />
  </Folder>
  <Folder Name="/tests/">
    <Project Path="tests/LogExplorer.Samples.Tests/LogExplorer.Samples.Tests.csproj" />
    <Project Path="tests/Umbraco.Community.LogExplorer.Api.Tests/Umbraco.Community.LogExplorer.Api.Tests.csproj" />
    <Project Path="tests/Umbraco.Community.LogExplorer.ContractTests/Umbraco.Community.LogExplorer.ContractTests.csproj" />
    <Project Path="tests/Umbraco.Community.LogExplorer.Core.Tests/Umbraco.Community.LogExplorer.Core.Tests.csproj" />
  </Folder>
</Solution>
